
Microsoft Visual Studio Solution File, Format Version 12.00
# Visual Studio Version 17
VisualStudioVersion = 17.7.34031.279
MinimumVisualStudioVersion = 10.0.40219.1
Project("{FAE04EC0-301F-11D3-BF4B-00C04F79EFBC}") = "HolidaysLib", "HolidaysLib\HolidaysLib.csproj", "{80E34444-37F4-441D-9B3F-DA25014A31B4}"
EndProject
Project("{FAE04EC0-301F-11D3-BF4B-00C04F79EFBC}") = "TestConsoleApp", "TestConsoleApp\TestConsoleApp.csproj", "{4C1569E5-55FC-482D-BF59-9C1F96CB837E}"
EndProject
Project("{FAE04EC0-301F-11D3-BF4B-00C04F79EFBC}") = "UtilsLib", "UtilsLib\UtilsLib.csproj", "{D10D4974-919B-4BA7-A1E0-1FFF55E374D7}"
EndProject
Global
	GlobalSection(SolutionConfigurationPlatforms) = preSolution
		Debug|Any CPU = Debug|Any CPU
		Release|Any CPU = Release|Any CPU
	EndGlobalSection
	GlobalSection(ProjectConfigurationPlatforms) = postSolution
		{80E34444-37F4-441D-9B3F-DA25014A31B4}.Debug|Any CPU.ActiveCfg = Debug|Any CPU
		{80E34444-37F4-441D-9B3F-DA25014A31B4}.Debug|Any CPU.Build.0 = Debug|Any CPU
		{80E34444-37F4-441D-9B3F-DA25014A31B4}.Release|Any CPU.ActiveCfg = Release|Any CPU
		{80E34444-37F4-441D-9B3F-DA25014A31B4}.Release|Any CPU.Build.0 = Release|Any CPU
		{4C1569E5-55FC-482D-BF59-9C1F96CB837E}.Debug|Any CPU.ActiveCfg = Debug|Any CPU
		{4C1569E5-55FC-482D-BF59-9C1F96CB837E}.Debug|Any CPU.Build.0 = Debug|Any CPU
		{4C1569E5-55FC-482D-BF59-9C1F96CB837E}.Release|Any CPU.ActiveCfg = Release|Any CPU
		{4C1569E5-55FC-482D-BF59-9C1F96CB837E}.Release|Any CPU.Build.0 = Release|Any CPU
		{D10D4974-919B-4BA7-A1E0-1FFF55E374D7}.Debug|Any CPU.ActiveCfg = Debug|Any CPU
		{D10D4974-919B-4BA7-A1E0-1FFF55E374D7}.Debug|Any CPU.Build.0 = Debug|Any CPU
		{D10D4974-919B-4BA7-A1E0-1FFF55E374D7}.Release|Any CPU.ActiveCfg = Release|Any CPU
		{D10D4974-919B-4BA7-A1E0-1FFF55E374D7}.Release|Any CPU.Build.0 = Release|Any CPU
	EndGlobalSection
	GlobalSection(SolutionProperties) = preSolution
		HideSolutionNode = FALSE
	EndGlobalSection
	GlobalSection(ExtensibilityGlobals) = postSolution
		SolutionGuid = {51928E5F-47DE-489E-8F48-7F66FA3E77C7}
	EndGlobalSection
EndGlobal
